
Microsoft Visual Studio Solution File, Format Version 12.00
# Visual Studio Version 17
VisualStudioVersion = 17.7.34202.233
MinimumVisualStudioVersion = 10.0.40219.1
Project("{9A19103F-16F7-4668-BE54-9A1E7A4F7556}") = "InterpreterWPF", "InterpreterWPF\InterpreterWPF.csproj", "{1BE71191-E775-46B3-8997-4872571E2FC6}"
EndProject
Project("{6EC3EE1D-3C4E-46DD-8F32-0CC8E7565705}") = "InterpreterFSharp", "InterpreterF#\InterpreterFSharp.fsproj", "{23E9FC3C-2F7C-4736-B924-2B09CA2674F1}"
EndProject
Global
	GlobalSection(SolutionConfigurationPlatforms) = preSolution
		Debug|Any CPU = Debug|Any CPU
		Release|Any CPU = Release|Any CPU
	EndGlobalSection
	GlobalSection(ProjectConfigurationPlatforms) = postSolution
		{1BE71191-E775-46B3-8997-4872571E2FC6}.Debug|Any CPU.ActiveCfg = Debug|Any CPU
		{1BE71191-E775-46B3-8997-4872571E2FC6}.Debug|Any CPU.Build.0 = Debug|Any CPU
		{1BE71191-E775-46B3-8997-4872571E2FC6}.Release|Any CPU.ActiveCfg = Release|Any CPU
		{1BE71191-E775-46B3-8997-4872571E2FC6}.Release|Any CPU.Build.0 = Release|Any CPU
		{23E9FC3C-2F7C-4736-B924-2B09CA2674F1}.Debug|Any CPU.ActiveCfg = Debug|Any CPU
		{23E9FC3C-2F7C-4736-B924-2B09CA2674F1}.Debug|Any CPU.Build.0 = Debug|Any CPU
		{23E9FC3C-2F7C-4736-B924-2B09CA2674F1}.Release|Any CPU.ActiveCfg = Release|Any CPU
		{23E9FC3C-2F7C-4736-B924-2B09CA2674F1}.Release|Any CPU.Build.0 = Release|Any CPU
	EndGlobalSection
	GlobalSection(SolutionProperties) = preSolution
		HideSolutionNode = FALSE
	EndGlobalSection
	GlobalSection(ExtensibilityGlobals) = postSolution
		SolutionGuid = {991B36EA-ED6E-4FDB-9B7A-B1DCFB4B85B4}
	EndGlobalSection
EndGlobal
